
Microsoft Visual Studio Solution File, Format Version 11.00
# Visual Studio 2010
Project("{FAE04EC0-301F-11D3-BF4B-00C04F79EFBC}") = "KudanDemo3", "Assembly-CSharp.csproj", "{BFCA563B-1960-CB50-DF1A-0B00EB2E50E1}"
EndProject
Project("{FAE04EC0-301F-11D3-BF4B-00C04F79EFBC}") = "KudanDemo3", "Assembly-CSharp-Editor.csproj", "{94AB4C62-3569-DC1D-139A-E1EC11111D9F}"
EndProject
Global
	GlobalSection(SolutionConfigurationPlatforms) = preSolution
		Debug|Any CPU = Debug|Any CPU
		Release|Any CPU = Release|Any CPU
	EndGlobalSection
	GlobalSection(ProjectConfigurationPlatforms) = postSolution
		{BFCA563B-1960-CB50-DF1A-0B00EB2E50E1}.Debug|Any CPU.ActiveCfg = Debug|Any CPU
		{BFCA563B-1960-CB50-DF1A-0B00EB2E50E1}.Debug|Any CPU.Build.0 = Debug|Any CPU
		{BFCA563B-1960-CB50-DF1A-0B00EB2E50E1}.Release|Any CPU.ActiveCfg = Release|Any CPU
		{BFCA563B-1960-CB50-DF1A-0B00EB2E50E1}.Release|Any CPU.Build.0 = Release|Any CPU
		{94AB4C62-3569-DC1D-139A-E1EC11111D9F}.Debug|Any CPU.ActiveCfg = Debug|Any CPU
		{94AB4C62-3569-DC1D-139A-E1EC11111D9F}.Debug|Any CPU.Build.0 = Debug|Any CPU
		{94AB4C62-3569-DC1D-139A-E1EC11111D9F}.Release|Any CPU.ActiveCfg = Release|Any CPU
		{94AB4C62-3569-DC1D-139A-E1EC11111D9F}.Release|Any CPU.Build.0 = Release|Any CPU
	EndGlobalSection
	GlobalSection(SolutionProperties) = preSolution
		HideSolutionNode = FALSE
	EndGlobalSection
	GlobalSection(MonoDevelopProperties) = preSolution
		StartupItem = Assembly-CSharp.csproj
	EndGlobalSection
EndGlobal
